
Microsoft Visual Studio Solution File, Format Version 12.00
# Visual Studio 2013
VisualStudioVersion = 12.0.31101.0
MinimumVisualStudioVersion = 10.0.40219.1
Project("{2150E333-8FDC-42A3-9474-1A3956D46DE8}") = "DB", "DB", "{1EE4B1AC-0EEB-4CB2-9A08-071ED97990C5}"
	ProjectSection(SolutionItems) = preProject
		..\..\..\Users\dev-03\Desktop\TechTestDatabaseScript.sql = ..\..\..\Users\dev-03\Desktop\TechTestDatabaseScript.sql
	EndProjectSection
EndProject
Project("{FAE04EC0-301F-11D3-BF4B-00C04F79EFBC}") = "Technical.Test.Service", "Technical.Test.Service\Technical.Test.Service.csproj", "{BDC0311F-5AB0-444C-8E06-A39B0FD811A0}"
EndProject
Project("{FAE04EC0-301F-11D3-BF4B-00C04F79EFBC}") = "Technical.Test.Web", "Technical.Test.Web\Technical.Test.Web.csproj", "{5F15FF22-A68E-43AB-AB0F-65D1910451D1}"
EndProject
Global
	GlobalSection(SolutionConfigurationPlatforms) = preSolution
		Debug|Any CPU = Debug|Any CPU
		Release|Any CPU = Release|Any CPU
	EndGlobalSection
	GlobalSection(ProjectConfigurationPlatforms) = postSolution
		{BDC0311F-5AB0-444C-8E06-A39B0FD811A0}.Debug|Any CPU.ActiveCfg = Debug|Any CPU
		{BDC0311F-5AB0-444C-8E06-A39B0FD811A0}.Debug|Any CPU.Build.0 = Debug|Any CPU
		{BDC0311F-5AB0-444C-8E06-A39B0FD811A0}.Release|Any CPU.ActiveCfg = Release|Any CPU
		{BDC0311F-5AB0-444C-8E06-A39B0FD811A0}.Release|Any CPU.Build.0 = Release|Any CPU
		{5F15FF22-A68E-43AB-AB0F-65D1910451D1}.Debug|Any CPU.ActiveCfg = Debug|Any CPU
		{5F15FF22-A68E-43AB-AB0F-65D1910451D1}.Debug|Any CPU.Build.0 = Debug|Any CPU
		{5F15FF22-A68E-43AB-AB0F-65D1910451D1}.Release|Any CPU.ActiveCfg = Release|Any CPU
		{5F15FF22-A68E-43AB-AB0F-65D1910451D1}.Release|Any CPU.Build.0 = Release|Any CPU
	EndGlobalSection
	GlobalSection(SolutionProperties) = preSolution
		HideSolutionNode = FALSE
	EndGlobalSection
EndGlobal
